
Microsoft Visual Studio Solution File, Format Version 12.00
# Visual Studio 15
VisualStudioVersion = 15.0.28307.136
MinimumVisualStudioVersion = 10.0.40219.1
Project("{FAE04EC0-301F-11D3-BF4B-00C04F79EFBC}") = "cs2", "cs2\cs2.csproj", "{A6F41311-10E6-4056-9CCF-42AFF3C8E916}"
EndProject
Global
	GlobalSection(SolutionConfigurationPlatforms) = preSolution
		Debug|Any CPU = Debug|Any CPU
		Release|Any CPU = Release|Any CPU
	EndGlobalSection
	GlobalSection(ProjectConfigurationPlatforms) = postSolution
		{A6F41311-10E6-4056-9CCF-42AFF3C8E916}.Debug|Any CPU.ActiveCfg = Debug|Any CPU
		{A6F41311-10E6-4056-9CCF-42AFF3C8E916}.Debug|Any CPU.Build.0 = Debug|Any CPU
		{A6F41311-10E6-4056-9CCF-42AFF3C8E916}.Release|Any CPU.ActiveCfg = Release|Any CPU
		{A6F41311-10E6-4056-9CCF-42AFF3C8E916}.Release|Any CPU.Build.0 = Release|Any CPU
	EndGlobalSection
	GlobalSection(SolutionProperties) = preSolution
		HideSolutionNode = FALSE
	EndGlobalSection
	GlobalSection(ExtensibilityGlobals) = postSolution
		SolutionGuid = {D9D04B56-769A-46AA-AE33-624F113F6C47}
	EndGlobalSection
EndGlobal
